{
  "name": "test-the-package",
  "version": "1.0.0",
  "lockfileVersion": 2,
  "requires": true,
  "packages": {
    "": {
      "name": "test-the-package",
      "version": "1.0.0",
      "license": "ISC",
      "dependencies": {
        "@cesar-augustoo/fluentsqlbuilder": "^1.0.0"
      }
    },
    "node_modules/@cesar-augustoo/fluentsqlbuilder": {
      "version": "1.0.0",
      "resolved": "https://registry.npmjs.org/@cesar-augustoo/fluentsqlbuilder/-/fluentsqlbuilder-1.0.0.tgz",
      "integrity": "sha512-ShJISdeRy0y07HYnN9RfCuSv4dgRzOHVJPmLWGn0RMIgXIaK1zWZtgPwyOyw2F6lf6quH4OgFO8DwwFIYZNKBw=="
    }
  },
  "dependencies": {
    "@cesar-augustoo/fluentsqlbuilder": {
      "version": "1.0.0",
      "resolved": "https://registry.npmjs.org/@cesar-augustoo/fluentsqlbuilder/-/fluentsqlbuilder-1.0.0.tgz",
      "integrity": "sha512-ShJISdeRy0y07HYnN9RfCuSv4dgRzOHVJPmLWGn0RMIgXIaK1zWZtgPwyOyw2F6lf6quH4OgFO8DwwFIYZNKBw=="
    }
  }
}
